
Microsoft Visual Studio Solution File, Format Version 12.00
Project("{FAE04EC0-301F-11D3-BF4B-00C04F79EFBC}") = "GeneratorDuty", "GeneratorDuty\GeneratorDuty.csproj", "{2C76D6EF-3D56-4ADD-9727-209E4D4281AA}"
EndProject
Project("{FAE04EC0-301F-11D3-BF4B-00C04F79EFBC}") = "GeneratorDuty.Models", "GeneratorDuty.Models\GeneratorDuty.Models.csproj", "{AE69E1D6-5FC6-49B3-8552-04E7021402D1}"
EndProject
Global
	GlobalSection(SolutionConfigurationPlatforms) = preSolution
		Debug|Any CPU = Debug|Any CPU
		Release|Any CPU = Release|Any CPU
	EndGlobalSection
	GlobalSection(ProjectConfigurationPlatforms) = postSolution
		{2C76D6EF-3D56-4ADD-9727-209E4D4281AA}.Debug|Any CPU.ActiveCfg = Debug|Any CPU
		{2C76D6EF-3D56-4ADD-9727-209E4D4281AA}.Debug|Any CPU.Build.0 = Debug|Any CPU
		{2C76D6EF-3D56-4ADD-9727-209E4D4281AA}.Release|Any CPU.ActiveCfg = Release|Any CPU
		{2C76D6EF-3D56-4ADD-9727-209E4D4281AA}.Release|Any CPU.Build.0 = Release|Any CPU
		{AE69E1D6-5FC6-49B3-8552-04E7021402D1}.Debug|Any CPU.ActiveCfg = Debug|Any CPU
		{AE69E1D6-5FC6-49B3-8552-04E7021402D1}.Debug|Any CPU.Build.0 = Debug|Any CPU
		{AE69E1D6-5FC6-49B3-8552-04E7021402D1}.Release|Any CPU.ActiveCfg = Release|Any CPU
		{AE69E1D6-5FC6-49B3-8552-04E7021402D1}.Release|Any CPU.Build.0 = Release|Any CPU
	EndGlobalSection
EndGlobal
